<?xml version="1.0" encoding="utf-8"?>
<Project ToolsVersion="4.0" xmlns="http://schemas.microsoft.com/developer/msbuild/2003">
  <ItemGroup>
    <ClCompile Include="..\nvEncode2\src\CNVEncoder.cpp">
      <Filter>NVENC</Filter>
    </ClCompile>
    <ClCompile Include="..\nvEncode2\src\CNVEncoderH264.cpp">
      <Filter>NVENC</Filter>
    </ClCompile>
    <ClCompile Include="..\nvEncode2\src\guidutil2.cpp">
      <Filter>NVENC</Filter>
    </ClCompile>
    <ClCompile Include="..\nvEncode2\src\utilities.cpp">
      <Filter>NVENC</Filter>
    </ClCompile>
    <ClCompile Include="..\nvEncode2\src\xcodeutil.cpp">
      <Filter>NVENC</Filter>
    </ClCompile>
    <ClCompile Include="Exporter\SDK_Exporter.cpp">
      <Filter>Exporter</Filter>
    </ClCompile>
    <ClCompile Include="Exporter\SDK_Exporter_Params.cpp">
      <Filter>Exporter</Filter>
    </ClCompile>
    <ClCompile Include="Exporter\SDK_File.cpp">
      <Filter>Exporter</Filter>
    </ClCompile>
    <ClCompile Include="Exporter\SDK_Segment_Utils.cpp">
      <Filter>Exporter</Filter>
    </ClCompile>
    <ClCompile Include="..\core\threads\NvThreadingClasses.cpp">
      <Filter>NVENC_SDK</Filter>
    </ClCompile>
    <ClCompile Include="..\core\threads\NvThreadingWin32.cpp">
      <Filter>NVENC_SDK</Filter>
    </ClCompile>
    <ClCompile Include="..\nvEncode2\src\crepackyuv.cpp">
      <Filter>NVENC</Filter>
    </ClCompile>
    <ClCompile Include="..\nvEncode2\src\CNVEncoderH265.cpp">
      <Filter>NVENC</Filter>
    </ClCompile>
    <ClCompile Include="Exporter\SDK_File_audio.cpp">
      <Filter>Exporter</Filter>
    </ClCompile>
    <ClCompile Include="Exporter\SDK_File_mux.cpp">
      <Filter>Exporter</Filter>
    </ClCompile>
    <ClCompile Include="Exporter\SDK_File_video.cpp">
      <Filter>Exporter</Filter>
    </ClCompile>
    <ClCompile Include="..\nvEncode2\src\cpuid_ssse3.cpp">
      <Filter>NVENC</Filter>
    </ClCompile>
  </ItemGroup>
  <ItemGroup>
    <ClInclude Include="..\nvEncode2\inc\CNVEncoder.h">
      <Filter>NVENC</Filter>
    </ClInclude>
    <ClInclude Include="..\nvEncode2\inc\CNVEncoderH264.h">
      <Filter>NVENC</Filter>
    </ClInclude>
    <ClInclude Include="..\nvEncode2\inc\defines.h">
      <Filter>NVENC</Filter>
    </ClInclude>
    <ClInclude Include="..\nvEncode2\inc\guidutil2.h">
      <Filter>NVENC</Filter>
    </ClInclude>
    <ClInclude Include="..\nvEncode2\inc\xcodeutil.h">
      <Filter>NVENC</Filter>
    </ClInclude>
    <ClInclude Include="..\nvEncode2\inc\xcodevid.h">
      <Filter>NVENC</Filter>
    </ClInclude>
    <ClInclude Include="..\..\common\inc\drvapi_error_string.h">
      <Filter>NVENC_SDK</Filter>
    </ClInclude>
    <ClInclude Include="..\..\common\inc\dynlink_d3d10.h">
      <Filter>NVENC_SDK</Filter>
    </ClInclude>
    <ClInclude Include="..\..\common\inc\dynlink_d3d11.h">
      <Filter>NVENC_SDK</Filter>
    </ClInclude>
    <ClInclude Include="..\..\common\inc\exception.h">
      <Filter>NVENC_SDK</Filter>
    </ClInclude>
    <ClInclude Include="..\..\common\inc\helper_cuda.h">
      <Filter>NVENC_SDK</Filter>
    </ClInclude>
    <ClInclude Include="..\..\common\inc\helper_cuda_drvapi.h">
      <Filter>NVENC_SDK</Filter>
    </ClInclude>
    <ClInclude Include="..\..\common\inc\helper_cuda_gl.h">
      <Filter>NVENC_SDK</Filter>
    </ClInclude>
    <ClInclude Include="..\..\common\inc\helper_functions.h">
      <Filter>NVENC_SDK</Filter>
    </ClInclude>
    <ClInclude Include="..\..\common\inc\helper_image.h">
      <Filter>NVENC_SDK</Filter>
    </ClInclude>
    <ClInclude Include="..\..\common\inc\helper_math.h">
      <Filter>NVENC_SDK</Filter>
    </ClInclude>
    <ClInclude Include="..\..\common\inc\helper_string.h">
      <Filter>NVENC_SDK</Filter>
    </ClInclude>
    <ClInclude Include="..\..\common\inc\helper_timer.h">
      <Filter>NVENC_SDK</Filter>
    </ClInclude>
    <ClInclude Include="..\..\common\inc\multithreading.h">
      <Filter>NVENC_SDK</Filter>
    </ClInclude>
    <ClInclude Include="..\..\common\inc\nvMath.h">
      <Filter>NVENC_SDK</Filter>
    </ClInclude>
    <ClInclude Include="..\..\common\inc\nvMatrix.h">
      <Filter>NVENC_SDK</Filter>
    </ClInclude>
    <ClInclude Include="..\..\common\inc\nvQuaternion.h">
      <Filter>NVENC_SDK</Filter>
    </ClInclude>
    <ClInclude Include="..\..\common\inc\nvShaderUtils.h">
      <Filter>NVENC_SDK</Filter>
    </ClInclude>
    <ClInclude Include="..\..\common\inc\nvVector.h">
      <Filter>NVENC_SDK</Filter>
    </ClInclude>
    <ClInclude Include="..\..\common\inc\param.h">
      <Filter>NVENC_SDK</Filter>
    </ClInclude>
    <ClInclude Include="..\..\common\inc\paramgl.h">
      <Filter>NVENC_SDK</Filter>
    </ClInclude>
    <ClInclude Include="..\..\common\inc\rendercheck_d3d9.h">
      <Filter>NVENC_SDK</Filter>
    </ClInclude>
    <ClInclude Include="..\..\common\inc\rendercheck_d3d10.h">
      <Filter>NVENC_SDK</Filter>
    </ClInclude>
    <ClInclude Include="..\..\common\inc\rendercheck_d3d11.h">
      <Filter>NVENC_SDK</Filter>
    </ClInclude>
    <ClInclude Include="..\..\common\inc\rendercheck_gl.h">
      <Filter>NVENC_SDK</Filter>
    </ClInclude>
    <ClInclude Include="..\..\common\inc\timer.h">
      <Filter>NVENC_SDK</Filter>
    </ClInclude>
    <ClInclude Include="Exporter\SDK_Exporter.h">
      <Filter>Exporter</Filter>
    </ClInclude>
    <ClInclude Include="Exporter\SDK_Exporter_Params.h">
      <Filter>Exporter</Filter>
    </ClInclude>
    <ClInclude Include="Exporter\SDK_File.h">
      <Filter>Exporter</Filter>
    </ClInclude>
    <ClInclude Include="Exporter\SDK_Segment_Utils.h">
      <Filter>Exporter</Filter>
    </ClInclude>
    <ClInclude Include="..\core\threads\NvThreading.h">
      <Filter>NVENC_SDK</Filter>
    </ClInclude>
    <ClInclude Include="..\core\threads\NvThreadingClasses.h">
      <Filter>NVENC_SDK</Filter>
    </ClInclude>
    <ClInclude Include="..\core\threads\NvThreadingWin32.h">
      <Filter>NVENC_SDK</Filter>
    </ClInclude>
    <ClInclude Include="..\nvEncode2\nvapi\nvapi.h">
      <Filter>NVAPI</Filter>
    </ClInclude>
    <ClInclude Include="..\nvEncode2\inc\CNVEncoderH265.h">
      <Filter>NVENC</Filter>
    </ClInclude>
    <ClInclude Include="Exporter\SDK_File_audio.h">
      <Filter>Exporter</Filter>
    </ClInclude>
    <ClInclude Include="Exporter\SDK_File_mux.h">
      <Filter>Exporter</Filter>
    </ClInclude>
    <ClInclude Include="Exporter\SDK_File_video.h">
      <Filter>Exporter</Filter>
    </ClInclude>
    <ClInclude Include="..\nvEncode2\inc\cpuid_ssse3.h">
      <Filter>NVENC</Filter>
    </ClInclude>
  </ItemGroup>
  <ItemGroup>
    <Filter Include="NVENC">
      <UniqueIdentifier>{83b808e1-41a0-4af5-a1a9-b3a09045d015}</UniqueIdentifier>
    </Filter>
    <Filter Include="NVENC_SDK">
      <UniqueIdentifier>{127ea86c-117b-4b2d-934d-7828102533cb}</UniqueIdentifier>
    </Filter>
    <Filter Include="Exporter">
      <UniqueIdentifier>{b4dde0b7-c1d6-4043-9ce3-86d1ac25e56f}</UniqueIdentifier>
    </Filter>
    <Filter Include="NVAPI">
      <UniqueIdentifier>{9420c81c-4c26-4df7-b9a0-3e9ad447dfd9}</UniqueIdentifier>
    </Filter>
  </ItemGroup>
</Project>